
Microsoft Visual Studio Solution File, Format Version 11.00
# Visual Studio 2010
Project("{FAE04EC0-301F-11D3-BF4B-00C04F79EFBC}") = "Engine", "Engine\Engine.csproj", "{8D094DEF-8897-4533-899F-E43CFEE2D948}"
EndProject
Project("{FAE04EC0-301F-11D3-BF4B-00C04F79EFBC}") = "UnitTests", "UnitTests\UnitTests.csproj", "{C6A8C277-E126-47F4-A7E7-11D87E32882D}"
EndProject
Global
	GlobalSection(SolutionConfigurationPlatforms) = preSolution
		Debug|Any CPU = Debug|Any CPU
		Release|Any CPU = Release|Any CPU
	EndGlobalSection
	GlobalSection(ProjectConfigurationPlatforms) = postSolution
		{8D094DEF-8897-4533-899F-E43CFEE2D948}.Debug|Any CPU.ActiveCfg = Debug|Any CPU
		{8D094DEF-8897-4533-899F-E43CFEE2D948}.Debug|Any CPU.Build.0 = Debug|Any CPU
		{8D094DEF-8897-4533-899F-E43CFEE2D948}.Release|Any CPU.ActiveCfg = Release|Any CPU
		{8D094DEF-8897-4533-899F-E43CFEE2D948}.Release|Any CPU.Build.0 = Release|Any CPU
		{C6A8C277-E126-47F4-A7E7-11D87E32882D}.Debug|Any CPU.ActiveCfg = Debug|Any CPU
		{C6A8C277-E126-47F4-A7E7-11D87E32882D}.Debug|Any CPU.Build.0 = Debug|Any CPU
		{C6A8C277-E126-47F4-A7E7-11D87E32882D}.Release|Any CPU.ActiveCfg = Release|Any CPU
		{C6A8C277-E126-47F4-A7E7-11D87E32882D}.Release|Any CPU.Build.0 = Release|Any CPU
	EndGlobalSection
	GlobalSection(SolutionProperties) = preSolution
		HideSolutionNode = FALSE
	EndGlobalSection
EndGlobal
